{
  "name": "tw2csv",
  "version": "1.0.0",
  "lockfileVersion": 2,
  "requires": true,
  "packages": {
    "": {
      "name": "tw2csv",
      "version": "1.0.0",
      "license": "MIT",
      "dependencies": {
        "@twitter-api-v2/plugin-rate-limit": "^1.1.0",
        "cac": "^6.7.12",
        "colors": "^1.4.0",
        "csv-stringify": "^6.0.5",
        "twitter-api-v2": "^1.12.0"
      },
      "bin": {
        "tw2csv": "index.js"
      }
    },
    "node_modules/@twitter-api-v2/plugin-rate-limit": {
      "version": "1.1.0",
      "resolved": "https://registry.npmjs.org/@twitter-api-v2/plugin-rate-limit/-/plugin-rate-limit-1.1.0.tgz",
      "integrity": "sha512-5nUk0w0s1yzzMe+NLN5BlKzwgl9OHkF1Makb5Xje1ntCO1H1fGq0qli80WRvcrpcwKZcSckRkXd4HEksh2LZ6g==",
      "peerDependencies": {
        "twitter-api-v2": "^1.11.0"
      }
    },
    "node_modules/cac": {
      "version": "6.7.12",
      "resolved": "https://registry.npmjs.org/cac/-/cac-6.7.12.tgz",
      "integrity": "sha512-rM7E2ygtMkJqD9c7WnFU6fruFcN3xe4FM5yUmgxhZzIKJk4uHl9U/fhwdajGFQbQuv43FAUo1Fe8gX/oIKDeSA==",
      "engines": {
        "node": ">=8"
      }
    },
    "node_modules/colors": {
      "version": "1.4.0",
      "resolved": "https://registry.npmjs.org/colors/-/colors-1.4.0.tgz",
      "integrity": "sha512-a+UqTh4kgZg/SlGvfbzDHpgRu7AAQOmmqRHJnxhRZICKFUT91brVhNNt58CMWU9PsBbv3PDCZUHbVxuDiH2mtA==",
      "engines": {
        "node": ">=0.1.90"
      }
    },
    "node_modules/csv-stringify": {
      "version": "6.0.5",
      "resolved": "https://registry.npmjs.org/csv-stringify/-/csv-stringify-6.0.5.tgz",
      "integrity": "sha512-7xpV3uweJCFF/Ssn56l3xsR/k2r3UqszwjEhej9qEn2cCPzyK1WyHCgoUVzBA792x8HbwonNX7CU9XM2K5s5yw=="
    },
    "node_modules/twitter-api-v2": {
      "version": "1.12.0",
      "resolved": "https://registry.npmjs.org/twitter-api-v2/-/twitter-api-v2-1.12.0.tgz",
      "integrity": "sha512-8Fv+sUYY0P1gloiBSgG1w/NSuGUIP32lDKMPVzIMX3jd4zDhiJFtCft41fKs+JqcD8m7s+4vkMO/XwyY2+NULQ=="
    }
  },
  "dependencies": {
    "@twitter-api-v2/plugin-rate-limit": {
      "version": "1.1.0",
      "resolved": "https://registry.npmjs.org/@twitter-api-v2/plugin-rate-limit/-/plugin-rate-limit-1.1.0.tgz",
      "integrity": "sha512-5nUk0w0s1yzzMe+NLN5BlKzwgl9OHkF1Makb5Xje1ntCO1H1fGq0qli80WRvcrpcwKZcSckRkXd4HEksh2LZ6g==",
      "requires": {}
    },
    "cac": {
      "version": "6.7.12",
      "resolved": "https://registry.npmjs.org/cac/-/cac-6.7.12.tgz",
      "integrity": "sha512-rM7E2ygtMkJqD9c7WnFU6fruFcN3xe4FM5yUmgxhZzIKJk4uHl9U/fhwdajGFQbQuv43FAUo1Fe8gX/oIKDeSA=="
    },
    "colors": {
      "version": "1.4.0",
      "resolved": "https://registry.npmjs.org/colors/-/colors-1.4.0.tgz",
      "integrity": "sha512-a+UqTh4kgZg/SlGvfbzDHpgRu7AAQOmmqRHJnxhRZICKFUT91brVhNNt58CMWU9PsBbv3PDCZUHbVxuDiH2mtA=="
    },
    "csv-stringify": {
      "version": "6.0.5",
      "resolved": "https://registry.npmjs.org/csv-stringify/-/csv-stringify-6.0.5.tgz",
      "integrity": "sha512-7xpV3uweJCFF/Ssn56l3xsR/k2r3UqszwjEhej9qEn2cCPzyK1WyHCgoUVzBA792x8HbwonNX7CU9XM2K5s5yw=="
    },
    "twitter-api-v2": {
      "version": "1.12.0",
      "resolved": "https://registry.npmjs.org/twitter-api-v2/-/twitter-api-v2-1.12.0.tgz",
      "integrity": "sha512-8Fv+sUYY0P1gloiBSgG1w/NSuGUIP32lDKMPVzIMX3jd4zDhiJFtCft41fKs+JqcD8m7s+4vkMO/XwyY2+NULQ=="
    }
  }
}
